
Microsoft Visual Studio Solution File, Format Version 12.00
# Visual Studio 2013
VisualStudioVersion = 12.0.30501.0
MinimumVisualStudioVersion = 10.0.40219.1
Project("{FAE04EC0-301F-11D3-BF4B-00C04F79EFBC}") = "BusinessLayer", "BusinessLayer\BusinessLayer.csproj", "{838B04D2-7D6B-46DB-A7F2-F91D84580513}"
EndProject
Project("{FAE04EC0-301F-11D3-BF4B-00C04F79EFBC}") = "DataLayer", "DataLayer\DataLayer.csproj", "{32CAF120-0BBD-4EDC-9E47-2B961DBBC20C}"
EndProject
Project("{FAE04EC0-301F-11D3-BF4B-00C04F79EFBC}") = "iWorkout", "iWorkout\iWorkout.csproj", "{817E3511-E7DC-45C9-8400-E4FD9D1AD348}"
EndProject
Project("{FAE04EC0-301F-11D3-BF4B-00C04F79EFBC}") = "iWorkout.Tests", "iWorkout.Tests\iWorkout.Tests.csproj", "{B70EA263-8839-47F8-8528-77565F2BDF03}"
EndProject
Global
	GlobalSection(TeamFoundationVersionControl) = preSolution
		SccNumberOfProjects = 5
		SccEnterpriseProvider = {4CA58AB2-18FA-4F8D-95D4-32DDF27D184C}
		SccTeamFoundationServer = https://jingxinzhu-nyu.visualstudio.com/defaultcollection
		SccLocalPath0 = .
		SccProjectUniqueName1 = BusinessLayer\\BusinessLayer.csproj
		SccProjectName1 = BusinessLayer
		SccLocalPath1 = BusinessLayer
		SccProjectUniqueName2 = DataLayer\\DataLayer.csproj
		SccProjectName2 = DataLayer
		SccLocalPath2 = DataLayer
		SccProjectUniqueName3 = iWorkout.Tests\\iWorkout.Tests.csproj
		SccProjectName3 = iWorkout.Tests
		SccLocalPath3 = iWorkout.Tests
		SccProjectUniqueName4 = iWorkout\\iWorkout.csproj
		SccProjectName4 = iWorkout
		SccLocalPath4 = iWorkout
	EndGlobalSection
	GlobalSection(SolutionConfigurationPlatforms) = preSolution
		Debug|Any CPU = Debug|Any CPU
		Release|Any CPU = Release|Any CPU
	EndGlobalSection
	GlobalSection(ProjectConfigurationPlatforms) = postSolution
		{838B04D2-7D6B-46DB-A7F2-F91D84580513}.Debug|Any CPU.ActiveCfg = Debug|Any CPU
		{838B04D2-7D6B-46DB-A7F2-F91D84580513}.Debug|Any CPU.Build.0 = Debug|Any CPU
		{838B04D2-7D6B-46DB-A7F2-F91D84580513}.Release|Any CPU.ActiveCfg = Release|Any CPU
		{838B04D2-7D6B-46DB-A7F2-F91D84580513}.Release|Any CPU.Build.0 = Release|Any CPU
		{32CAF120-0BBD-4EDC-9E47-2B961DBBC20C}.Debug|Any CPU.ActiveCfg = Debug|Any CPU
		{32CAF120-0BBD-4EDC-9E47-2B961DBBC20C}.Debug|Any CPU.Build.0 = Debug|Any CPU
		{32CAF120-0BBD-4EDC-9E47-2B961DBBC20C}.Release|Any CPU.ActiveCfg = Release|Any CPU
		{32CAF120-0BBD-4EDC-9E47-2B961DBBC20C}.Release|Any CPU.Build.0 = Release|Any CPU
		{817E3511-E7DC-45C9-8400-E4FD9D1AD348}.Debug|Any CPU.ActiveCfg = Debug|Any CPU
		{817E3511-E7DC-45C9-8400-E4FD9D1AD348}.Debug|Any CPU.Build.0 = Debug|Any CPU
		{817E3511-E7DC-45C9-8400-E4FD9D1AD348}.Release|Any CPU.ActiveCfg = Release|Any CPU
		{817E3511-E7DC-45C9-8400-E4FD9D1AD348}.Release|Any CPU.Build.0 = Release|Any CPU
		{B70EA263-8839-47F8-8528-77565F2BDF03}.Debug|Any CPU.ActiveCfg = Debug|Any CPU
		{B70EA263-8839-47F8-8528-77565F2BDF03}.Debug|Any CPU.Build.0 = Debug|Any CPU
		{B70EA263-8839-47F8-8528-77565F2BDF03}.Release|Any CPU.ActiveCfg = Release|Any CPU
		{B70EA263-8839-47F8-8528-77565F2BDF03}.Release|Any CPU.Build.0 = Release|Any CPU
	EndGlobalSection
	GlobalSection(SolutionProperties) = preSolution
		HideSolutionNode = FALSE
	EndGlobalSection
EndGlobal
